
Microsoft Visual Studio Solution File, Format Version 12.00
# Visual Studio Version 17
VisualStudioVersion = 17.5.33627.172
MinimumVisualStudioVersion = 10.0.40219.1
Project("{FAE04EC0-301F-11D3-BF4B-00C04F79EFBC}") = "Store", "Store\Store.csproj", "{0558AC5C-C6B7-403D-ABC6-F17D070CB624}"
EndProject
Global
	GlobalSection(SolutionConfigurationPlatforms) = preSolution
		Debug|Any CPU = Debug|Any CPU
		Release|Any CPU = Release|Any CPU
	EndGlobalSection
	GlobalSection(ProjectConfigurationPlatforms) = postSolution
		{0558AC5C-C6B7-403D-ABC6-F17D070CB624}.Debug|Any CPU.ActiveCfg = Debug|Any CPU
		{0558AC5C-C6B7-403D-ABC6-F17D070CB624}.Debug|Any CPU.Build.0 = Debug|Any CPU
		{0558AC5C-C6B7-403D-ABC6-F17D070CB624}.Release|Any CPU.ActiveCfg = Release|Any CPU
		{0558AC5C-C6B7-403D-ABC6-F17D070CB624}.Release|Any CPU.Build.0 = Release|Any CPU
	EndGlobalSection
	GlobalSection(SolutionProperties) = preSolution
		HideSolutionNode = FALSE
	EndGlobalSection
	GlobalSection(ExtensibilityGlobals) = postSolution
		SolutionGuid = {4720733F-DA93-40DF-BA4D-2402AD6F2BFB}
	EndGlobalSection
EndGlobal
